<?xml version="1.0" encoding="utf-8"?>
<Project ToolsVersion="4.0" xmlns="http://schemas.microsoft.com/developer/msbuild/2003">
  <ItemGroup>
    <Filter Include="ソース ファイル">
      <UniqueIdentifier>{4FC737F1-C7A5-4376-A066-2A32D752A2FF}</UniqueIdentifier>
      <Extensions>cpp;c;cc;cxx;c++;cppm;ixx;def;odl;idl;hpj;bat;asm;asmx</Extensions>
    </Filter>
    <Filter Include="ヘッダー ファイル">
      <UniqueIdentifier>{93995380-89BD-4b04-88EB-625FBE52EBFB}</UniqueIdentifier>
      <Extensions>h;hh;hpp;hxx;h++;hm;inl;inc;ipp;xsd</Extensions>
    </Filter>
    <Filter Include="リソース ファイル">
      <UniqueIdentifier>{67DA6AB6-F800-4c08-8B7A-83BB121AAD01}</UniqueIdentifier>
      <Extensions>rc;ico;cur;bmp;dlg;rc2;rct;bin;rgs;gif;jpg;jpeg;jpe;resx;tiff;tif;png;wav;mfcribbon-ms</Extensions>
    </Filter>
    <Filter Include="ヘッダー ファイル\Component">
      <UniqueIdentifier>{99a83669-9e80-4d8e-8645-6ec87894cdc1}</UniqueIdentifier>
    </Filter>
    <Filter Include="ソース ファイル\Component">
      <UniqueIdentifier>{177ad550-3fe8-44d3-8fbf-172de8a50561}</UniqueIdentifier>
    </Filter>
    <Filter Include="ヘッダー ファイル\Buffer">
      <UniqueIdentifier>{c8bd7f46-ad57-4fee-b30d-882afa58f212}</UniqueIdentifier>
    </Filter>
    <Filter Include="ソース ファイル\Buffer">
      <UniqueIdentifier>{d1e2fa42-f542-4e52-afcf-5a24ca843819}</UniqueIdentifier>
    </Filter>
    <Filter Include="Backup">
      <UniqueIdentifier>{0101c843-625f-43c0-beb6-619d5361c974}</UniqueIdentifier>
    </Filter>
    <Filter Include="ヘッダー ファイル\Buffer\Division">
      <UniqueIdentifier>{a6afd1f9-f8ea-4ef4-9e15-84884b305bee}</UniqueIdentifier>
    </Filter>
    <Filter Include="ソース ファイル\Buffer\Division">
      <UniqueIdentifier>{6f2ee3d8-de04-44b5-897d-d80d7ced2b6e}</UniqueIdentifier>
    </Filter>
    <Filter Include="ヘッダー ファイル\Component\Collider">
      <UniqueIdentifier>{75532d33-8001-454a-9dc8-1677032204d5}</UniqueIdentifier>
    </Filter>
    <Filter Include="ソース ファイル\Component\Collider">
      <UniqueIdentifier>{1d292eaa-c495-46a1-8667-e30af82077a9}</UniqueIdentifier>
    </Filter>
    <Filter Include="InputLayout">
      <UniqueIdentifier>{65789c35-1f5a-4dee-9712-9a7ea8d44de3}</UniqueIdentifier>
    </Filter>
    <Filter Include="Shader">
      <UniqueIdentifier>{18ece27a-2db1-47da-8354-68ca0385a09c}</UniqueIdentifier>
    </Filter>
    <Filter Include="Shader\CS">
      <UniqueIdentifier>{768db814-e807-4d31-8190-6ed3a2948382}</UniqueIdentifier>
    </Filter>
    <Filter Include="Shader\PS">
      <UniqueIdentifier>{bd0ca735-4030-4ac3-a6cf-f0076c7c7b08}</UniqueIdentifier>
    </Filter>
    <Filter Include="Shader\VS">
      <UniqueIdentifier>{df6fcd41-c7d7-42cd-b7f2-30571f7c93bb}</UniqueIdentifier>
    </Filter>
    <Filter Include="Shader\GS">
      <UniqueIdentifier>{f4ffc8ef-83fd-4ca3-a621-ea7e34a5d898}</UniqueIdentifier>
    </Filter>
  </ItemGroup>
  <ItemGroup>
    <ClInclude Include="matrix4x4.h">
      <Filter>ヘッダー ファイル</Filter>
    </ClInclude>
    <ClInclude Include="MGObject.h">
      <Filter>ヘッダー ファイル</Filter>
    </ClInclude>
    <ClInclude Include="MGUtility.h">
      <Filter>ヘッダー ファイル</Filter>
    </ClInclude>
    <ClInclude Include="scene.h">
      <Filter>ヘッダー ファイル</Filter>
    </ClInclude>
    <ClInclude Include="sceneManager.h">
      <Filter>ヘッダー ファイル</Filter>
    </ClInclude>
    <ClInclude Include="sceneTransition.h">
      <Filter>ヘッダー ファイル</Filter>
    </ClInclude>
    <ClInclude Include="vector2.h">
      <Filter>ヘッダー ファイル</Filter>
    </ClInclude>
    <ClInclude Include="vector3.h">
      <Filter>ヘッダー ファイル</Filter>
    </ClInclude>
    <ClInclude Include="vector4.h">
      <Filter>ヘッダー ファイル</Filter>
    </ClInclude>
    <ClInclude Include="GPU.h">
      <Filter>ヘッダー ファイル</Filter>
    </ClInclude>
    <ClInclude Include="input.h">
      <Filter>ヘッダー ファイル</Filter>
    </ClInclude>
    <ClInclude Include="renderer.h">
      <Filter>ヘッダー ファイル</Filter>
    </ClInclude>
    <ClInclude Include="gameObject.h">
      <Filter>ヘッダー ファイル</Filter>
    </ClInclude>
    <ClInclude Include="component.h">
      <Filter>ヘッダー ファイル</Filter>
    </ClInclude>
    <ClInclude Include="directX.h">
      <Filter>ヘッダー ファイル</Filter>
    </ClInclude>
    <ClInclude Include="stdafx.h">
      <Filter>ヘッダー ファイル</Filter>
    </ClInclude>
    <ClInclude Include="camera.h">
      <Filter>ヘッダー ファイル\Component</Filter>
    </ClInclude>
    <ClInclude Include="dynamicMatrix.h">
      <Filter>ヘッダー ファイル\Buffer</Filter>
    </ClInclude>
    <ClInclude Include="modelRenderer.h">
      <Filter>ヘッダー ファイル\Component</Filter>
    </ClInclude>
    <ClInclude Include="material.h">
      <Filter>ヘッダー ファイル\Buffer</Filter>
    </ClInclude>
    <ClInclude Include="mesh.h">
      <Filter>ヘッダー ファイル\Buffer</Filter>
    </ClInclude>
    <ClInclude Include="model.h">
      <Filter>ヘッダー ファイル\Buffer</Filter>
    </ClInclude>
    <ClInclude Include="dataType.h">
      <Filter>ヘッダー ファイル\Buffer</Filter>
    </ClInclude>
    <ClInclude Include="texture.h">
      <Filter>ヘッダー ファイル\Buffer</Filter>
    </ClInclude>
    <ClInclude Include="atlasTexture.h">
      <Filter>Backup</Filter>
    </ClInclude>
    <ClInclude Include="vertexGroup.h">
      <Filter>Backup</Filter>
    </ClInclude>
    <ClInclude Include="vertexIndexGroup.h">
      <Filter>Backup</Filter>
    </ClInclude>
    <ClInclude Include="animation.h">
      <Filter>ヘッダー ファイル\Buffer</Filter>
    </ClInclude>
    <ClInclude Include="matrixGroup.h">
      <Filter>Backup</Filter>
    </ClInclude>
    <ClInclude Include="matrixDivision.h">
      <Filter>ヘッダー ファイル\Buffer\Division</Filter>
    </ClInclude>
    <ClInclude Include="transformDivision.h">
      <Filter>ヘッダー ファイル\Buffer\Division</Filter>
    </ClInclude>
    <ClInclude Include="MGSetup.h">
      <Filter>ヘッダー ファイル</Filter>
    </ClInclude>
    <ClInclude Include="vertexDivision.h">
      <Filter>ヘッダー ファイル\Buffer\Division</Filter>
    </ClInclude>
    <ClInclude Include="vertexIndexDivision.h">
      <Filter>ヘッダー ファイル\Buffer\Division</Filter>
    </ClInclude>
    <ClInclude Include="modelInstance.h">
      <Filter>ヘッダー ファイル\Buffer</Filter>
    </ClInclude>
    <ClInclude Include="dynamicIndexDivision.h">
      <Filter>ヘッダー ファイル\Buffer\Division</Filter>
    </ClInclude>
    <ClInclude Include="modelAnimation.h">
      <Filter>ヘッダー ファイル\Buffer</Filter>
    </ClInclude>
    <ClInclude Include="animationSet.h">
      <Filter>ヘッダー ファイル\Buffer</Filter>
    </ClInclude>
    <ClInclude Include="boneDivision.h">
      <Filter>ヘッダー ファイル\Buffer\Division</Filter>
    </ClInclude>
    <ClInclude Include="vertexBoneWeightDivision.h">
      <Filter>ヘッダー ファイル\Buffer\Division</Filter>
    </ClInclude>
    <ClInclude Include="progress.h">
      <Filter>ヘッダー ファイル</Filter>
    </ClInclude>
    <ClInclude Include="timeline.h">
      <Filter>ヘッダー ファイル</Filter>
    </ClInclude>
    <ClInclude Include="skyRenderer.h">
      <Filter>ヘッダー ファイル\Component</Filter>
    </ClInclude>
    <ClInclude Include="spotLight.h">
      <Filter>ヘッダー ファイル\Component</Filter>
    </ClInclude>
    <ClInclude Include="particleRenderer.h">
      <Filter>ヘッダー ファイル\Component</Filter>
    </ClInclude>
    <ClInclude Include="collision.h">
      <Filter>ヘッダー ファイル</Filter>
    </ClInclude>
    <ClInclude Include="animationFollower.h">
      <Filter>ヘッダー ファイル\Buffer</Filter>
    </ClInclude>
    <ClInclude Include="boxCollider.h">
      <Filter>ヘッダー ファイル\Component\Collider</Filter>
    </ClInclude>
    <ClInclude Include="sphereCollider.h">
      <Filter>ヘッダー ファイル\Component\Collider</Filter>
    </ClInclude>
    <ClInclude Include="spriteRenderer2D.h">
      <Filter>ヘッダー ファイル\Component</Filter>
    </ClInclude>
    <ClInclude Include="directionalLight.h">
      <Filter>ヘッダー ファイル\Component</Filter>
    </ClInclude>
    <ClInclude Include="collider.h">
      <Filter>ヘッダー ファイル\Component\Collider</Filter>
    </ClInclude>
    <ClInclude Include="buffer.h">
      <Filter>ヘッダー ファイル\Buffer</Filter>
    </ClInclude>
    <ClInclude Include="vectorDivision.h">
      <Filter>ヘッダー ファイル\Buffer\Division</Filter>
    </ClInclude>
    <ClInclude Include="csvResource.h">
      <Filter>ヘッダー ファイル</Filter>
    </ClInclude>
    <ClInclude Include="MGResource.h">
      <Filter>ヘッダー ファイル</Filter>
    </ClInclude>
  </ItemGroup>
  <ItemGroup>
    <ClCompile Include="MGObject.cpp">
      <Filter>ソース ファイル</Filter>
    </ClCompile>
    <ClCompile Include="MGUtility.cpp">
      <Filter>ソース ファイル</Filter>
    </ClCompile>
    <ClCompile Include="renderer.cpp">
      <Filter>ソース ファイル</Filter>
    </ClCompile>
    <ClCompile Include="scene.cpp">
      <Filter>ソース ファイル</Filter>
    </ClCompile>
    <ClCompile Include="sceneManager.cpp">
      <Filter>ソース ファイル</Filter>
    </ClCompile>
    <ClCompile Include="sceneTransition.cpp">
      <Filter>ソース ファイル</Filter>
    </ClCompile>
    <ClCompile Include="vector2.cpp">
      <Filter>ソース ファイル</Filter>
    </ClCompile>
    <ClCompile Include="vector3.cpp">
      <Filter>ソース ファイル</Filter>
    </ClCompile>
    <ClCompile Include="vector4.cpp">
      <Filter>ソース ファイル</Filter>
    </ClCompile>
    <ClCompile Include="input.cpp">
      <Filter>ソース ファイル</Filter>
    </ClCompile>
    <ClCompile Include="gameObject.cpp">
      <Filter>ソース ファイル</Filter>
    </ClCompile>
    <ClCompile Include="stdafx.cpp">
      <Filter>ソース ファイル</Filter>
    </ClCompile>
    <ClCompile Include="camera.cpp">
      <Filter>ソース ファイル\Component</Filter>
    </ClCompile>
    <ClCompile Include="dynamicMatrix.cpp">
      <Filter>ソース ファイル\Buffer</Filter>
    </ClCompile>
    <ClCompile Include="material.cpp">
      <Filter>ソース ファイル\Buffer</Filter>
    </ClCompile>
    <ClCompile Include="mesh.cpp">
      <Filter>ソース ファイル\Buffer</Filter>
    </ClCompile>
    <ClCompile Include="texture.cpp">
      <Filter>ソース ファイル\Buffer</Filter>
    </ClCompile>
    <ClCompile Include="atlasTexture.cpp">
      <Filter>Backup</Filter>
    </ClCompile>
    <ClCompile Include="vertexGroup.cpp">
      <Filter>Backup</Filter>
    </ClCompile>
    <ClCompile Include="vertexIndexGroup.cpp">
      <Filter>Backup</Filter>
    </ClCompile>
    <ClCompile Include="model.cpp">
      <Filter>ソース ファイル\Buffer</Filter>
    </ClCompile>
    <ClCompile Include="animation.cpp">
      <Filter>ソース ファイル\Buffer</Filter>
    </ClCompile>
    <ClCompile Include="matrixGroup.cpp">
      <Filter>Backup</Filter>
    </ClCompile>
    <ClCompile Include="transformDivision.cpp">
      <Filter>ソース ファイル\Buffer\Division</Filter>
    </ClCompile>
    <ClCompile Include="matrixDivision.cpp">
      <Filter>ソース ファイル\Buffer\Division</Filter>
    </ClCompile>
    <ClCompile Include="MGSetup.cpp">
      <Filter>ソース ファイル</Filter>
    </ClCompile>
    <ClCompile Include="vertexDivision.cpp">
      <Filter>ソース ファイル\Buffer\Division</Filter>
    </ClCompile>
    <ClCompile Include="vertexIndexDivision.cpp">
      <Filter>ソース ファイル\Buffer\Division</Filter>
    </ClCompile>
    <ClCompile Include="modelInstance.cpp">
      <Filter>ソース ファイル\Buffer</Filter>
    </ClCompile>
    <ClCompile Include="dynamicIndexDivision.cpp">
      <Filter>ソース ファイル\Buffer\Division</Filter>
    </ClCompile>
    <ClCompile Include="modelRenderer.cpp">
      <Filter>ソース ファイル\Component</Filter>
    </ClCompile>
    <ClCompile Include="modelAnimation.cpp">
      <Filter>ソース ファイル\Buffer</Filter>
    </ClCompile>
    <ClCompile Include="animationSet.cpp">
      <Filter>ソース ファイル\Buffer</Filter>
    </ClCompile>
    <ClCompile Include="boneDivision.cpp">
      <Filter>ソース ファイル\Buffer\Division</Filter>
    </ClCompile>
    <ClCompile Include="vertexBoneWeightDivision.cpp">
      <Filter>ソース ファイル\Buffer\Division</Filter>
    </ClCompile>
    <ClCompile Include="skyRenderer.cpp">
      <Filter>ソース ファイル\Component</Filter>
    </ClCompile>
    <ClCompile Include="spotLight.cpp">
      <Filter>ソース ファイル\Component</Filter>
    </ClCompile>
    <ClCompile Include="particleRenderer.cpp">
      <Filter>ソース ファイル\Component</Filter>
    </ClCompile>
    <ClCompile Include="vectorDivision.cpp">
      <Filter>ソース ファイル\Buffer\Division</Filter>
    </ClCompile>
    <ClCompile Include="animationFollower.cpp">
      <Filter>ソース ファイル\Buffer</Filter>
    </ClCompile>
    <ClCompile Include="spriteRenderer2D.cpp">
      <Filter>ソース ファイル\Component</Filter>
    </ClCompile>
    <ClCompile Include="boxCollider.cpp">
      <Filter>ソース ファイル\Component\Collider</Filter>
    </ClCompile>
    <ClCompile Include="collider.cpp">
      <Filter>ソース ファイル\Component\Collider</Filter>
    </ClCompile>
    <ClCompile Include="buffer.cpp">
      <Filter>ソース ファイル\Buffer</Filter>
    </ClCompile>
    <ClCompile Include="csvResource.cpp">
      <Filter>ソース ファイル</Filter>
    </ClCompile>
    <ClCompile Include="MGResource.cpp">
      <Filter>ソース ファイル</Filter>
    </ClCompile>
    <ClCompile Include="titleScene.cpp">
      <Filter>Backup</Filter>
    </ClCompile>
  </ItemGroup>
  <ItemGroup>
    <None Include="inputLayout\general.csv">
      <Filter>InputLayout</Filter>
    </None>
  </ItemGroup>
  <ItemGroup>
    <FxCompile Include="shader\common.hlsl">
      <Filter>Shader</Filter>
    </FxCompile>
    <FxCompile Include="shader\animationCS.hlsl">
      <Filter>Shader\CS</Filter>
    </FxCompile>
    <FxCompile Include="shader\animationFollowCS.hlsl">
      <Filter>Shader\CS</Filter>
    </FxCompile>
    <FxCompile Include="shader\expandMeshInstanceCS.hlsl">
      <Filter>Shader\CS</Filter>
    </FxCompile>
    <FxCompile Include="shader\frustumCullingCS.hlsl">
      <Filter>Shader\CS</Filter>
    </FxCompile>
    <FxCompile Include="shader\offsetMeshInstanceCS.hlsl">
      <Filter>Shader\CS</Filter>
    </FxCompile>
    <FxCompile Include="shader\particleUpdateCS.hlsl">
      <Filter>Shader\CS</Filter>
    </FxCompile>
    <FxCompile Include="shader\resetInstanceCountCS.hlsl">
      <Filter>Shader\CS</Filter>
    </FxCompile>
    <FxCompile Include="shader\paddingCS.hlsl">
      <Filter>Shader\CS</Filter>
    </FxCompile>
    <FxCompile Include="shader\unlitTexturePS.hlsl">
      <Filter>Shader\PS</Filter>
    </FxCompile>
    <FxCompile Include="shader\modelVS.hlsl">
      <Filter>Shader\VS</Filter>
    </FxCompile>
    <FxCompile Include="shader\particleVS.hlsl">
      <Filter>Shader\VS</Filter>
    </FxCompile>
    <FxCompile Include="shader\spriteVS.hlsl">
      <Filter>Shader\VS</Filter>
    </FxCompile>
    <FxCompile Include="shader\skyVS.hlsl">
      <Filter>Shader\VS</Filter>
    </FxCompile>
    <FxCompile Include="shader\fullScreenVS.hlsl">
      <Filter>Shader\VS</Filter>
    </FxCompile>
    <FxCompile Include="shader\deferredLightPS.hlsl">
      <Filter>Shader\PS</Filter>
    </FxCompile>
    <FxCompile Include="shader\testPS.hlsl">
      <Filter>Shader\PS</Filter>
    </FxCompile>
    <FxCompile Include="shader\outlineGS.hlsl">
      <Filter>Shader\GS</Filter>
    </FxCompile>
  </ItemGroup>
</Project>